
Microsoft Visual Studio Solution File, Format Version 12.00
# Visual Studio 2012
Project("{2150E333-8FDC-42A3-9474-1A3956D46DE8}") = "Business", "Business", "{CDA7CBA6-C0B6-4765-B3F9-820AF112485E}"
EndProject
Project("{2150E333-8FDC-42A3-9474-1A3956D46DE8}") = "Hosts", "Hosts", "{C9F536BF-A654-4F59-8D17-F1F88FE8B539}"
EndProject
Project("{2150E333-8FDC-42A3-9474-1A3956D46DE8}") = "Shared", "Shared", "{CEC89190-4213-4665-AB23-810CDB167ED6}"
EndProject
Project("{2150E333-8FDC-42A3-9474-1A3956D46DE8}") = "Tests", "Tests", "{64D689F6-8026-4118-8E49-108ED095BF0F}"
EndProject
Project("{FAE04EC0-301F-11D3-BF4B-00C04F79EFBC}") = "fPeerLending.Framework", "Shared\fPeerLending.Framework\fPeerLending.Framework.csproj", "{BDA498CF-02BD-4251-8933-95E8CC682552}"
EndProject
Project("{FAE04EC0-301F-11D3-BF4B-00C04F79EFBC}") = "fPeerLending.Entities", "Business\fPeerLending.Entities\fPeerLending.Entities.csproj", "{DCCDBF15-9A9D-47CA-9C7A-00D6C05E5ED8}"
EndProject
Project("{2150E333-8FDC-42A3-9474-1A3956D46DE8}") = "Data", "Data", "{DC28B71A-B4F0-4962-B7FF-26A893272F17}"
EndProject
Project("{FAE04EC0-301F-11D3-BF4B-00C04F79EFBC}") = "fPeerLending.Data", "Data\fPeerLending.Data\fPeerLending.Data.csproj", "{5737EA5A-85E8-4ECB-B145-DF8DDCCE767F}"
EndProject
Project("{2150E333-8FDC-42A3-9474-1A3956D46DE8}") = "Services", "Services", "{2ABB0037-8289-4C1B-B030-4A2DEE47D64C}"
EndProject
Project("{FAE04EC0-301F-11D3-BF4B-00C04F79EFBC}") = "fPeerLending.Business", "Business\fPeerLending.Business\fPeerLending.Business.csproj", "{6DB1E873-E913-4CE8-B231-E4AEEED89A12}"
	ProjectSection(ProjectDependencies) = postProject
		{DCCDBF15-9A9D-47CA-9C7A-00D6C05E5ED8} = {DCCDBF15-9A9D-47CA-9C7A-00D6C05E5ED8}
		{5737EA5A-85E8-4ECB-B145-DF8DDCCE767F} = {5737EA5A-85E8-4ECB-B145-DF8DDCCE767F}
		{BDA498CF-02BD-4251-8933-95E8CC682552} = {BDA498CF-02BD-4251-8933-95E8CC682552}
	EndProjectSection
EndProject
Project("{2150E333-8FDC-42A3-9474-1A3956D46DE8}") = ".nuget", ".nuget", "{A080C35C-C212-4580-8EAA-5F7F82F93E6A}"
EndProject
Project("{FAE04EC0-301F-11D3-BF4B-00C04F79EFBC}") = "fPeerLending.Services", "Services\fPeerLending.Services\fPeerLending.Services.csproj", "{8E957171-DEBB-4BFE-8A6B-70EBD7B4B480}"
	ProjectSection(ProjectDependencies) = postProject
		{DCCDBF15-9A9D-47CA-9C7A-00D6C05E5ED8} = {DCCDBF15-9A9D-47CA-9C7A-00D6C05E5ED8}
		{5737EA5A-85E8-4ECB-B145-DF8DDCCE767F} = {5737EA5A-85E8-4ECB-B145-DF8DDCCE767F}
		{FA4D026C-9063-43C7-9C0D-B57788C75304} = {FA4D026C-9063-43C7-9C0D-B57788C75304}
		{6DB1E873-E913-4CE8-B231-E4AEEED89A12} = {6DB1E873-E913-4CE8-B231-E4AEEED89A12}
		{BDA498CF-02BD-4251-8933-95E8CC682552} = {BDA498CF-02BD-4251-8933-95E8CC682552}
	EndProjectSection
EndProject
Project("{FAE04EC0-301F-11D3-BF4B-00C04F79EFBC}") = "fPeerLending.Services.Contracts", "Services\fPeerLending.Services.Contracts\fPeerLending.Services.Contracts.csproj", "{FA4D026C-9063-43C7-9C0D-B57788C75304}"
	ProjectSection(ProjectDependencies) = postProject
		{DCCDBF15-9A9D-47CA-9C7A-00D6C05E5ED8} = {DCCDBF15-9A9D-47CA-9C7A-00D6C05E5ED8}
		{5737EA5A-85E8-4ECB-B145-DF8DDCCE767F} = {5737EA5A-85E8-4ECB-B145-DF8DDCCE767F}
		{6DB1E873-E913-4CE8-B231-E4AEEED89A12} = {6DB1E873-E913-4CE8-B231-E4AEEED89A12}
		{BDA498CF-02BD-4251-8933-95E8CC682552} = {BDA498CF-02BD-4251-8933-95E8CC682552}
	EndProjectSection
EndProject
Project("{FAE04EC0-301F-11D3-BF4B-00C04F79EFBC}") = "fPeerLending.Hosts.WcfHost", "Hosts\fPeerLending.Hosts.WcfHost\fPeerLending.Hosts.WcfHost.csproj", "{5B89D2BD-7FB1-497A-A968-598AFB0DF452}"
	ProjectSection(ProjectDependencies) = postProject
		{DCCDBF15-9A9D-47CA-9C7A-00D6C05E5ED8} = {DCCDBF15-9A9D-47CA-9C7A-00D6C05E5ED8}
		{5737EA5A-85E8-4ECB-B145-DF8DDCCE767F} = {5737EA5A-85E8-4ECB-B145-DF8DDCCE767F}
		{FA4D026C-9063-43C7-9C0D-B57788C75304} = {FA4D026C-9063-43C7-9C0D-B57788C75304}
		{8E957171-DEBB-4BFE-8A6B-70EBD7B4B480} = {8E957171-DEBB-4BFE-8A6B-70EBD7B4B480}
		{6DB1E873-E913-4CE8-B231-E4AEEED89A12} = {6DB1E873-E913-4CE8-B231-E4AEEED89A12}
		{BDA498CF-02BD-4251-8933-95E8CC682552} = {BDA498CF-02BD-4251-8933-95E8CC682552}
		{68234FF0-590A-4423-9232-7C6EB2529B52} = {68234FF0-590A-4423-9232-7C6EB2529B52}
	EndProjectSection
EndProject
Project("{FAE04EC0-301F-11D3-BF4B-00C04F79EFBC}") = "MessageProcessor", "Business\MessageProcessor\MessageProcessor.csproj", "{68234FF0-590A-4423-9232-7C6EB2529B52}"
	ProjectSection(ProjectDependencies) = postProject
		{5737EA5A-85E8-4ECB-B145-DF8DDCCE767F} = {5737EA5A-85E8-4ECB-B145-DF8DDCCE767F}
		{FA4D026C-9063-43C7-9C0D-B57788C75304} = {FA4D026C-9063-43C7-9C0D-B57788C75304}
		{8E957171-DEBB-4BFE-8A6B-70EBD7B4B480} = {8E957171-DEBB-4BFE-8A6B-70EBD7B4B480}
	EndProjectSection
EndProject
Project("{FAE04EC0-301F-11D3-BF4B-00C04F79EFBC}") = "MemberDACUnitTestProject", "Tests\MemberDACUnitTestProject\MemberDACUnitTestProject.csproj", "{79678944-A430-4D85-9E96-F9E22D46313C}"
EndProject
Global
	GlobalSection(SolutionConfigurationPlatforms) = preSolution
		Debug|Any CPU = Debug|Any CPU
		Release|Any CPU = Release|Any CPU
	EndGlobalSection
	GlobalSection(ProjectConfigurationPlatforms) = postSolution
		{BDA498CF-02BD-4251-8933-95E8CC682552}.Debug|Any CPU.ActiveCfg = Debug|Any CPU
		{BDA498CF-02BD-4251-8933-95E8CC682552}.Debug|Any CPU.Build.0 = Debug|Any CPU
		{BDA498CF-02BD-4251-8933-95E8CC682552}.Release|Any CPU.ActiveCfg = Release|Any CPU
		{BDA498CF-02BD-4251-8933-95E8CC682552}.Release|Any CPU.Build.0 = Release|Any CPU
		{DCCDBF15-9A9D-47CA-9C7A-00D6C05E5ED8}.Debug|Any CPU.ActiveCfg = Debug|Any CPU
		{DCCDBF15-9A9D-47CA-9C7A-00D6C05E5ED8}.Debug|Any CPU.Build.0 = Debug|Any CPU
		{DCCDBF15-9A9D-47CA-9C7A-00D6C05E5ED8}.Release|Any CPU.ActiveCfg = Release|Any CPU
		{DCCDBF15-9A9D-47CA-9C7A-00D6C05E5ED8}.Release|Any CPU.Build.0 = Release|Any CPU
		{5737EA5A-85E8-4ECB-B145-DF8DDCCE767F}.Debug|Any CPU.ActiveCfg = Debug|Any CPU
		{5737EA5A-85E8-4ECB-B145-DF8DDCCE767F}.Debug|Any CPU.Build.0 = Debug|Any CPU
		{5737EA5A-85E8-4ECB-B145-DF8DDCCE767F}.Release|Any CPU.ActiveCfg = Release|Any CPU
		{5737EA5A-85E8-4ECB-B145-DF8DDCCE767F}.Release|Any CPU.Build.0 = Release|Any CPU
		{6DB1E873-E913-4CE8-B231-E4AEEED89A12}.Debug|Any CPU.ActiveCfg = Debug|Any CPU
		{6DB1E873-E913-4CE8-B231-E4AEEED89A12}.Debug|Any CPU.Build.0 = Debug|Any CPU
		{6DB1E873-E913-4CE8-B231-E4AEEED89A12}.Release|Any CPU.ActiveCfg = Release|Any CPU
		{6DB1E873-E913-4CE8-B231-E4AEEED89A12}.Release|Any CPU.Build.0 = Release|Any CPU
		{8E957171-DEBB-4BFE-8A6B-70EBD7B4B480}.Debug|Any CPU.ActiveCfg = Debug|Any CPU
		{8E957171-DEBB-4BFE-8A6B-70EBD7B4B480}.Debug|Any CPU.Build.0 = Debug|Any CPU
		{8E957171-DEBB-4BFE-8A6B-70EBD7B4B480}.Release|Any CPU.ActiveCfg = Release|Any CPU
		{8E957171-DEBB-4BFE-8A6B-70EBD7B4B480}.Release|Any CPU.Build.0 = Release|Any CPU
		{FA4D026C-9063-43C7-9C0D-B57788C75304}.Debug|Any CPU.ActiveCfg = Debug|Any CPU
		{FA4D026C-9063-43C7-9C0D-B57788C75304}.Debug|Any CPU.Build.0 = Debug|Any CPU
		{FA4D026C-9063-43C7-9C0D-B57788C75304}.Release|Any CPU.ActiveCfg = Release|Any CPU
		{FA4D026C-9063-43C7-9C0D-B57788C75304}.Release|Any CPU.Build.0 = Release|Any CPU
		{5B89D2BD-7FB1-497A-A968-598AFB0DF452}.Debug|Any CPU.ActiveCfg = Debug|Any CPU
		{5B89D2BD-7FB1-497A-A968-598AFB0DF452}.Debug|Any CPU.Build.0 = Debug|Any CPU
		{5B89D2BD-7FB1-497A-A968-598AFB0DF452}.Release|Any CPU.ActiveCfg = Release|Any CPU
		{5B89D2BD-7FB1-497A-A968-598AFB0DF452}.Release|Any CPU.Build.0 = Release|Any CPU
		{68234FF0-590A-4423-9232-7C6EB2529B52}.Debug|Any CPU.ActiveCfg = Debug|Any CPU
		{68234FF0-590A-4423-9232-7C6EB2529B52}.Debug|Any CPU.Build.0 = Debug|Any CPU
		{68234FF0-590A-4423-9232-7C6EB2529B52}.Release|Any CPU.ActiveCfg = Release|Any CPU
		{68234FF0-590A-4423-9232-7C6EB2529B52}.Release|Any CPU.Build.0 = Release|Any CPU
		{79678944-A430-4D85-9E96-F9E22D46313C}.Debug|Any CPU.ActiveCfg = Debug|Any CPU
		{79678944-A430-4D85-9E96-F9E22D46313C}.Debug|Any CPU.Build.0 = Debug|Any CPU
		{79678944-A430-4D85-9E96-F9E22D46313C}.Release|Any CPU.ActiveCfg = Release|Any CPU
		{79678944-A430-4D85-9E96-F9E22D46313C}.Release|Any CPU.Build.0 = Release|Any CPU
	EndGlobalSection
	GlobalSection(SolutionProperties) = preSolution
		HideSolutionNode = FALSE
	EndGlobalSection
	GlobalSection(NestedProjects) = preSolution
		{DCCDBF15-9A9D-47CA-9C7A-00D6C05E5ED8} = {CDA7CBA6-C0B6-4765-B3F9-820AF112485E}
		{6DB1E873-E913-4CE8-B231-E4AEEED89A12} = {CDA7CBA6-C0B6-4765-B3F9-820AF112485E}
		{68234FF0-590A-4423-9232-7C6EB2529B52} = {CDA7CBA6-C0B6-4765-B3F9-820AF112485E}
		{5B89D2BD-7FB1-497A-A968-598AFB0DF452} = {C9F536BF-A654-4F59-8D17-F1F88FE8B539}
		{BDA498CF-02BD-4251-8933-95E8CC682552} = {CEC89190-4213-4665-AB23-810CDB167ED6}
		{79678944-A430-4D85-9E96-F9E22D46313C} = {64D689F6-8026-4118-8E49-108ED095BF0F}
		{5737EA5A-85E8-4ECB-B145-DF8DDCCE767F} = {DC28B71A-B4F0-4962-B7FF-26A893272F17}
		{8E957171-DEBB-4BFE-8A6B-70EBD7B4B480} = {2ABB0037-8289-4C1B-B030-4A2DEE47D64C}
		{FA4D026C-9063-43C7-9C0D-B57788C75304} = {2ABB0037-8289-4C1B-B030-4A2DEE47D64C}
	EndGlobalSection
	GlobalSection(ExtensibilityGlobals) = postSolution
		EnterpriseLibraryConfigurationToolBinariesPathV6 = packages\EnterpriseLibrary.Common.6.0.1304.0\lib\NET45;packages\EnterpriseLibrary.Data.6.0.1304.0\lib\NET45;packages\EnterpriseLibrary.Logging.6.0.1304.0\lib\NET45
	EndGlobalSection
EndGlobal
